
Microsoft Visual Studio Solution File, Format Version 9.00
# Visual Studio 2005
Project("{8BC9CEB8-8B4A-11D0-8D11-00A0C91BC942}") = "odin1", "odin1.vcproj", "{BC9CFB05-B114-415D-BD79-B0C0906E9E66}"
EndProject
Global
	GlobalSection(SolutionConfigurationPlatforms) = preSolution
		Debug|Win32 = Debug|Win32
		Release|Win32 = Release|Win32
	EndGlobalSection
	GlobalSection(ProjectConfigurationPlatforms) = postSolution
		{BC9CFB05-B114-415D-BD79-B0C0906E9E66}.Debug|Win32.ActiveCfg = Debug|Win32
		{BC9CFB05-B114-415D-BD79-B0C0906E9E66}.Debug|Win32.Build.0 = Debug|Win32
		{BC9CFB05-B114-415D-BD79-B0C0906E9E66}.Release|Win32.ActiveCfg = Release|Win32
		{BC9CFB05-B114-415D-BD79-B0C0906E9E66}.Release|Win32.Build.0 = Release|Win32
	EndGlobalSection
	GlobalSection(SolutionProperties) = preSolution
		HideSolutionNode = FALSE
	EndGlobalSection
EndGlobal
